
Microsoft Visual Studio Solution File, Format Version 12.00
# Visual Studio Version 17
VisualStudioVersion = 17.14.36301.6 d17.14
MinimumVisualStudioVersion = 10.0.40219.1
Project("{FAE04EC0-301F-11D3-BF4B-00C04F79EFBC}") = "SharedLib", "SharedLib.csproj", "{A223C444-6813-B39B-71CD-48EC7B14D9C8}"
EndProject
Global
	GlobalSection(SolutionConfigurationPlatforms) = preSolution
		Debug|Any CPU = Debug|Any CPU
		Release|Any CPU = Release|Any CPU
	EndGlobalSection
	GlobalSection(ProjectConfigurationPlatforms) = postSolution
		{A223C444-6813-B39B-71CD-48EC7B14D9C8}.Debug|Any CPU.ActiveCfg = Debug|Any CPU
		{A223C444-6813-B39B-71CD-48EC7B14D9C8}.Debug|Any CPU.Build.0 = Debug|Any CPU
		{A223C444-6813-B39B-71CD-48EC7B14D9C8}.Release|Any CPU.ActiveCfg = Release|Any CPU
		{A223C444-6813-B39B-71CD-48EC7B14D9C8}.Release|Any CPU.Build.0 = Release|Any CPU
	EndGlobalSection
	GlobalSection(SolutionProperties) = preSolution
		HideSolutionNode = FALSE
	EndGlobalSection
	GlobalSection(ExtensibilityGlobals) = postSolution
		SolutionGuid = {954DCBC7-D3BC-48CA-9A4D-846F7880F75E}
	EndGlobalSection
EndGlobal
